
Microsoft Visual Studio Solution File, Format Version 12.00
# Visual Studio 15
VisualStudioVersion = 15.0.26730.3
MinimumVisualStudioVersion = 10.0.40219.1
Project("{FAE04EC0-301F-11D3-BF4B-00C04F79EFBC}") = "Supaplex", "Supaplex.csproj", "{5D3E6640-04DE-4C13-A1FE-AB37342008F3}"
EndProject
Global
	GlobalSection(SolutionConfigurationPlatforms) = preSolution
		Debug|Any CPU = Debug|Any CPU
		Release|Any CPU = Release|Any CPU
	EndGlobalSection
	GlobalSection(ProjectConfigurationPlatforms) = postSolution
		{5D3E6640-04DE-4C13-A1FE-AB37342008F3}.Debug|Any CPU.ActiveCfg = Debug|Any CPU
		{5D3E6640-04DE-4C13-A1FE-AB37342008F3}.Debug|Any CPU.Build.0 = Debug|Any CPU
		{5D3E6640-04DE-4C13-A1FE-AB37342008F3}.Release|Any CPU.ActiveCfg = Release|Any CPU
		{5D3E6640-04DE-4C13-A1FE-AB37342008F3}.Release|Any CPU.Build.0 = Release|Any CPU
	EndGlobalSection
	GlobalSection(SolutionProperties) = preSolution
		HideSolutionNode = FALSE
	EndGlobalSection
	GlobalSection(ExtensibilityGlobals) = postSolution
		SolutionGuid = {73FDECAF-765E-4DD2-B349-11191A983E2E}
	EndGlobalSection
EndGlobal
